// !$*UTF8*$!
{
	archiveVersion = 1;
	classes = {
	};
	objectVersion = 50;
	objects = {

/* Begin PBXBuildFile section */
		B39B2CCB26D05483003184D0 /* AppDelegate.swift in Sources */ = {isa = PBXBuildFile; fileRef = B39B2CCA26D05483003184D0 /* AppDelegate.swift */; };
		B39B2CCD26D05483003184D0 /* ViewController.swift in Sources */ = {isa = PBXBuildFile; fileRef = B39B2CCC26D05483003184D0 /* ViewController.swift */; };
		B39B2CCF26D05484003184D0 /* Assets.xcassets in Resources */ = {isa = PBXBuildFile; fileRef = B39B2CCE26D05484003184D0 /* Assets.xcassets */; };
		B39B2CD226D05484003184D0 /* Main.storyboard in Resources */ = {isa = PBXBuildFile; fileRef = B39B2CD026D05484003184D0 /* Main.storyboard */; };
		B39B2CDB26D054A0003184D0 /* FilesManager.swift in Sources */ = {isa = PBXBuildFile; fileRef = B39B2CDA26D054A0003184D0 /* FilesManager.swift */; };
/* End PBXBuildFile section */

/* Begin PBXFileReference section */
		B39B2CC726D05483003184D0 /* MacTextFileSorter.app */ = {isa = PBXFileReference; explicitFileType = wrapper.application; includeInIndex = 0; path = MacTextFileSorter.app; sourceTree = BUILT_PRODUCTS_DIR; };
		B39B2CCA26D05483003184D0 /* AppDelegate.swift */ = {isa = PBXFileReference; lastKnownFileType = sourcecode.swift; path = AppDelegate.swift; sourceTree = "<group>"; };
		B39B2CCC26D05483003184D0 /* ViewController.swift */ = {isa = PBXFileReference; lastKnownFileType = sourcecode.swift; path = ViewController.swift; sourceTree = "<group>"; };
		B39B2CCE26D05484003184D0 /* Assets.xcassets */ = {isa = PBXFileReference; lastKnownFileType = folder.assetcatalog; path = Assets.xcassets; sourceTree = "<group>"; };
		B39B2CD126D05484003184D0 /* Base */ = {isa = PBXFileReference; lastKnownFileType = file.storyboard; name = Base; path = Base.lproj/Main.storyboard; sourceTree = "<group>"; };
		B39B2CD326D05484003184D0 /* Info.plist */ = {isa = PBXFileReference; lastKnownFileType = text.plist.xml; path = Info.plist; sourceTree = "<group>"; };
		B39B2CD426D05484003184D0 /* MacTextFileSorter.entitlements */ = {isa = PBXFileReference; lastKnownFileType = text.plist.entitlements; path = MacTextFileSorter.entitlements; sourceTree = "<group>"; };
		B39B2CDA26D054A0003184D0 /* FilesManager.swift */ = {isa = PBXFileReference; lastKnownFileType = sourcecode.swift; path = FilesManager.swift; sourceTree = "<group>"; };
		B3E2DD3326D6D18D00491583 /* README.md */ = {isa = PBXFileReference; lastKnownFileType = net.daringfireball.markdown; path = README.md; sourceTree = "<group>"; };
/* End PBXFileReference section */

/* Begin PBXFrameworksBuildPhase section */
		B39B2CC426D05483003184D0 /* Frameworks */ = {
			isa = PBXFrameworksBuildPhase;
			buildActionMask = 2147483647;
			files = (
			);
			runOnlyForDeploymentPostprocessing = 0;
		};
/* End PBXFrameworksBuildPhase section */

/* Begin PBXGroup section */
		B39B2CBE26D05483003184D0 = {
			isa = PBXGroup;
			children = (
				B39B2CC926D05483003184D0 /* MacTextFileSorter */,
				B39B2CC826D05483003184D0 /* Products */,
			);
			sourceTree = "<group>";
		};
		B39B2CC826D05483003184D0 /* Products */ = {
			isa = PBXGroup;
			children = (
				B39B2CC726D05483003184D0 /* MacTextFileSorter.app */,
			);
			name = Products;
			sourceTree = "<group>";
		};
		B39B2CC926D05483003184D0 /* MacTextFileSorter */ = {
			isa = PBXGroup;
			children = (
				B39B2CCA26D05483003184D0 /* AppDelegate.swift */,
				B39B2CCC26D05483003184D0 /* ViewController.swift */,
				B39B2CCE26D05484003184D0 /* Assets.xcassets */,
				B39B2CD026D05484003184D0 /* Main.storyboard */,
				B39B2CD326D05484003184D0 /* Info.plist */,
				B39B2CD426D05484003184D0 /* MacTextFileSorter.entitlements */,
				B39B2CDA26D054A0003184D0 /* FilesManager.swift */,
				B3E2DD3326D6D18D00491583 /* README.md */,
			);
			path = MacTextFileSorter;
			sourceTree = "<group>";
		};
/* End PBXGroup section */

/* Begin PBXNativeTarget section */
		B39B2CC626D05483003184D0 /* MacTextFileSorter */ = {
			isa = PBXNativeTarget;
			buildConfigurationList = B39B2CD726D05484003184D0 /* Build configuration list for PBXNativeTarget "MacTextFileSorter" */;
			buildPhases = (
				B39B2CC326D05483003184D0 /* Sources */,
				B39B2CC426D05483003184D0 /* Frameworks */,
				B39B2CC526D05483003184D0 /* Resources */,
			);
			buildRules = (
			);
			dependencies = (
			);
			name = MacTextFileSorter;
			productName = MacTextFileSorter;
			productReference = B39B2CC726D05483003184D0 /* MacTextFileSorter.app */;
			productType = "com.apple.product-type.application";
		};
/* End PBXNativeTarget section */

/* Begin PBXProject section */
		B39B2CBF26D05483003184D0 /* Project object */ = {
			isa = PBXProject;
			attributes = {
				LastSwiftUpdateCheck = 1250;
				LastUpgradeCheck = 1250;
				TargetAttributes = {
					B39B2CC626D05483003184D0 = {
						CreatedOnToolsVersion = 12.5.1;
					};
				};
			};
			buildConfigurationList = B39B2CC226D05483003184D0 /* Build configuration list for PBXProject "MacTextFileSorter" */;
			compatibilityVersion = "Xcode 9.3";
			developmentRegion = en;
			hasScannedForEncodings = 0;
			knownRegions = (
				en,
				Base,
			);
			mainGroup = B39B2CBE26D05483003184D0;
			productRefGroup = B39B2CC826D05483003184D0 /* Products */;
			projectDirPath = "";
			projectRoot = "";
			targets = (
				B39B2CC626D05483003184D0 /* MacTextFileSorter */,
			);
		};
/* End PBXProject section */

/* Begin PBXResourcesBuildPhase section */
		B39B2CC526D05483003184D0 /* Resources */ = {
			isa = PBXResourcesBuildPhase;
			buildActionMask = 2147483647;
			files = (
				B39B2CCF26D05484003184D0 /* Assets.xcassets in Resources */,
				B39B2CD226D05484003184D0 /* Main.storyboard in Resources */,
			);
			runOnlyForDeploymentPostprocessing = 0;
		};
/* End PBXResourcesBuildPhase section */

/* Begin PBXSourcesBuildPhase section */
		B39B2CC326D05483003184D0 /* Sources */ = {
			isa = PBXSourcesBuildPhase;
			buildActionMask = 2147483647;
			files = (
				B39B2CCD26D05483003184D0 /* ViewController.swift in Sources */,
				B39B2CCB26D05483003184D0 /* AppDelegate.swift in Sources */,
				B39B2CDB26D054A0003184D0 /* FilesManager.swift in Sources */,
			);
			runOnlyForDeploymentPostprocessing = 0;
		};
/* End PBXSourcesBuildPhase section */

/* Begin PBXVariantGroup section */
		B39B2CD026D05484003184D0 /* Main.storyboard */ = {
			isa = PBXVariantGroup;
			children = (
				B39B2CD126D05484003184D0 /* Base */,
			);
			name = Main.storyboard;
			sourceTree = "<group>";
		};
/* End PBXVariantGroup section */

/* Begin XCBuildConfiguration section */
		B39B2CD526D05484003184D0 /* Debug */ = {
			isa = XCBuildConfiguration;
			buildSettings = {
				ALWAYS_SEARCH_USER_PATHS = NO;
				CLANG_ANALYZER_NONNULL = YES;
				CLANG_ANALYZER_NUMBER_OBJECT_CONVERSION = YES_AGGRESSIVE;
				CLANG_CXX_LANGUAGE_STANDARD = "gnu++14";
				CLANG_CXX_LIBRARY = "libc++";
				CLANG_ENABLE_MODULES = YES;
				CLANG_ENABLE_OBJC_ARC = YES;
				CLANG_ENABLE_OBJC_WEAK = YES;
				CLANG_WARN_BLOCK_CAPTURE_AUTORELEASING = YES;
				CLANG_WARN_BOOL_CONVERSION = YES;
				CLANG_WARN_COMMA = YES;
				CLANG_WARN_CONSTANT_CONVERSION = YES;
				CLANG_WARN_DEPRECATED_OBJC_IMPLEMENTATIONS = YES;
				CLANG_WARN_DIRECT_OBJC_ISA_USAGE = YES_ERROR;
				CLANG_WARN_DOCUMENTATION_COMMENTS = YES;
				CLANG_WARN_EMPTY_BODY = YES;
				CLANG_WARN_ENUM_CONVERSION = YES;
				CLANG_WARN_INFINITE_RECURSION = YES;
				CLANG_WARN_INT_CONVERSION = YES;
				CLANG_WARN_NON_LITERAL_NULL_CONVERSION = YES;
				CLANG_WARN_OBJC_IMPLICIT_RETAIN_SELF = YES;
				CLANG_WARN_OBJC_LITERAL_CONVERSION = YES;
				CLANG_WARN_OBJC_ROOT_CLASS = YES_ERROR;
				CLANG_WARN_QUOTED_INCLUDE_IN_FRAMEWORK_HEADER = YES;
				CLANG_WARN_RANGE_LOOP_ANALYSIS = YES;
				CLANG_WARN_STRICT_PROTOTYPES = YES;
				CLANG_WARN_SUSPICIOUS_MOVE = YES;
				CLANG_WARN_UNGUARDED_AVAILABILITY = YES_AGGRESSIVE;
				CLANG_WARN_UNREACHABLE_CODE = YES;
				CLANG_WARN__DUPLICATE_METHOD_MATCH = YES;
				COPY_PHASE_STRIP = NO;
				DEBUG_INFORMATION_FORMAT = dwarf;
				ENABLE_STRICT_OBJC_MSGSEND = YES;
				ENABLE_TESTABILITY = YES;
				GCC_C_LANGUAGE_STANDARD = gnu11;
				GCC_DYNAMIC_NO_PIC = NO;
				GCC_NO_COMMON_BLOCKS = YES;
				GCC_OPTIMIZATION_LEVEL = 0;
				GCC_PREPROCESSOR_DEFINITIONS = (
					"DEBUG=1",
					"$(inherited)",
				);
				GCC_WARN_64_TO_32_BIT_CONVERSION = YES;
				GCC_WARN_ABOUT_RETURN_TYPE = YES_ERROR;
				GCC_WARN_UNDECLARED_SELECTOR = YES;
				GCC_WARN_UNINITIALIZED_AUTOS = YES_AGGRESSIVE;
				GCC_WARN_UNUSED_FUNCTION = YES;
				GCC_WARN_UNUSED_VARIABLE = YES;
				MACOSX_DEPLOYMENT_TARGET = 11.3;
				MTL_ENABLE_DEBUG_INFO = INCLUDE_SOURCE;
				MTL_FAST_MATH = YES;
				ONLY_ACTIVE_ARCH = YES;
				SDKROOT = macosx;
				SWIFT_ACTIVE_COMPILATION_CONDITIONS = DEBUG;
				SWIFT_OPTIMIZATION_LEVEL = "-Onone";
			};
			name = Debug;
		};
		B39B2CD626D05484003184D0 /* Release */ = {
			isa = XCBuildConfiguration;
			buildSettings = {
				ALWAYS_SEARCH_USER_PATHS = NO;
				CLANG_ANALYZER_NONNULL = YES;
				CLANG_ANALYZER_NUMBER_OBJECT_CONVERSION = YES_AGGRESSIVE;
				CLANG_CXX_LANGUAGE_STANDARD = "gnu++14";
				CLANG_CXX_LIBRARY = "libc++";
				CLANG_ENABLE_MODULES = YES;
				CLANG_ENABLE_OBJC_ARC = YES;
				CLANG_ENABLE_OBJC_WEAK = YES;
				CLANG_WARN_BLOCK_CAPTURE_AUTORELEASING = YES;
				CLANG_WARN_BOOL_CONVERSION = YES;
				CLANG_WARN_COMMA = YES;
				CLANG_WARN_CONSTANT_CONVERSION = YES;
				CLANG_WARN_DEPRECATED_OBJC_IMPLEMENTATIONS = YES;
				CLANG_WARN_DIRECT_OBJC_ISA_USAGE = YES_ERROR;
				CLANG_WARN_DOCUMENTATION_COMMENTS = YES;
				CLANG_WARN_EMPTY_BODY = YES;
				CLANG_WARN_ENUM_CONVERSION = YES;
				CLANG_WARN_INFINITE_RECURSION = YES;
				CLANG_WARN_INT_CONVERSION = YES;
				CLANG_WARN_NON_LITERAL_NULL_CONVERSION = YES;
				CLANG_WARN_OBJC_IMPLICIT_RETAIN_SELF = YES;
				CLANG_WARN_OBJC_LITERAL_CONVERSION = YES;
				CLANG_WARN_OBJC_ROOT_CLASS = YES_ERROR;
				CLANG_WARN_QUOTED_INCLUDE_IN_FRAMEWORK_HEADER = YES;
				CLANG_WARN_RANGE_LOOP_ANALYSIS = YES;
				CLANG_WARN_STRICT_PROTOTYPES = YES;
				CLANG_WARN_SUSPICIOUS_MOVE = YES;
				CLANG_WARN_UNGUARDED_AVAILABILITY = YES_AGGRESSIVE;
				CLANG_WARN_UNREACHABLE_CODE = YES;
				CLANG_WARN__DUPLICATE_METHOD_MATCH = YES;
				COPY_PHASE_STRIP = NO;
				DEBUG_INFORMATION_FORMAT = "dwarf-with-dsym";
				ENABLE_NS_ASSERTIONS = NO;
				ENABLE_STRICT_OBJC_MSGSEND = YES;
				GCC_C_LANGUAGE_STANDARD = gnu11;
				GCC_NO_COMMON_BLOCKS = YES;
				GCC_WARN_64_TO_32_BIT_CONVERSION = YES;
				GCC_WARN_ABOUT_RETURN_TYPE = YES_ERROR;
				GCC_WARN_UNDECLARED_SELECTOR = YES;
				GCC_WARN_UNINITIALIZED_AUTOS = YES_AGGRESSIVE;
				GCC_WARN_UNUSED_FUNCTION = YES;
				GCC_WARN_UNUSED_VARIABLE = YES;
				MACOSX_DEPLOYMENT_TARGET = 11.3;
				MTL_ENABLE_DEBUG_INFO = NO;
				MTL_FAST_MATH = YES;
				SDKROOT = macosx;
				SWIFT_COMPILATION_MODE = wholemodule;
				SWIFT_OPTIMIZATION_LEVEL = "-O";
			};
			name = Release;
		};
		B39B2CD826D05484003184D0 /* Debug */ = {
			isa = XCBuildConfiguration;
			buildSettings = {
				ASSETCATALOG_COMPILER_APPICON_NAME = AppIcon;
				ASSETCATALOG_COMPILER_GLOBAL_ACCENT_COLOR_NAME = AccentColor;
				CODE_SIGN_ENTITLEMENTS = MacTextFileSorter/MacTextFileSorter.entitlements;
				CODE_SIGN_STYLE = Automatic;
				COMBINE_HIDPI_IMAGES = YES;
				DEVELOPMENT_TEAM = J95SAB5D3H;
				ENABLE_HARDENED_RUNTIME = YES;
				INFOPLIST_FILE = MacTextFileSorter/Info.plist;
				LD_RUNPATH_SEARCH_PATHS = (
					"$(inherited)",
					"@executable_path/../Frameworks",
				);
				PRODUCT_BUNDLE_IDENTIFIER = com.evantempleton.MacTextFileSorter;
				PRODUCT_NAME = "$(TARGET_NAME)";
				SWIFT_VERSION = 5.0;
			};
			name = Debug;
		};
		B39B2CD926D05484003184D0 /* Release */ = {
			isa = XCBuildConfiguration;
			buildSettings = {
				ASSETCATALOG_COMPILER_APPICON_NAME = AppIcon;
				ASSETCATALOG_COMPILER_GLOBAL_ACCENT_COLOR_NAME = AccentColor;
				CODE_SIGN_ENTITLEMENTS = MacTextFileSorter/MacTextFileSorter.entitlements;
				CODE_SIGN_STYLE = Automatic;
				COMBINE_HIDPI_IMAGES = YES;
				DEVELOPMENT_TEAM = J95SAB5D3H;
				ENABLE_HARDENED_RUNTIME = YES;
				INFOPLIST_FILE = MacTextFileSorter/Info.plist;
				LD_RUNPATH_SEARCH_PATHS = (
					"$(inherited)",
					"@executable_path/../Frameworks",
				);
				PRODUCT_BUNDLE_IDENTIFIER = com.evantempleton.MacTextFileSorter;
				PRODUCT_NAME = "$(TARGET_NAME)";
				SWIFT_VERSION = 5.0;
			};
			name = Release;
		};
/* End XCBuildConfiguration section */

/* Begin XCConfigurationList section */
		B39B2CC226D05483003184D0 /* Build configuration list for PBXProject "MacTextFileSorter" */ = {
			isa = XCConfigurationList;
			buildConfigurations = (
				B39B2CD526D05484003184D0 /* Debug */,
				B39B2CD626D05484003184D0 /* Release */,
			);
			defaultConfigurationIsVisible = 0;
			defaultConfigurationName = Release;
		};
		B39B2CD726D05484003184D0 /* Build configuration list for PBXNativeTarget "MacTextFileSorter" */ = {
			isa = XCConfigurationList;
			buildConfigurations = (
				B39B2CD826D05484003184D0 /* Debug */,
				B39B2CD926D05484003184D0 /* Release */,
			);
			defaultConfigurationIsVisible = 0;
			defaultConfigurationName = Release;
		};
/* End XCConfigurationList section */
	};
	rootObject = B39B2CBF26D05483003184D0 /* Project object */;
}
